
Microsoft Visual Studio Solution File, Format Version 12.00
# Visual Studio Version 17
VisualStudioVersion = 17.9.34723.18
MinimumVisualStudioVersion = 10.0.40219.1
Project("{FAE04EC0-301F-11D3-BF4B-00C04F79EFBC}") = "azizapp.Android", "azizapp.Android\azizapp.Android.csproj", "{5AC9EB56-E5F7-4B72-AC86-3A325453D350}"
EndProject
Project("{FAE04EC0-301F-11D3-BF4B-00C04F79EFBC}") = "azizapp.iOS", "azizapp.iOS\azizapp.iOS.csproj", "{AF968E1C-3CFE-4A38-B105-D20F7B92AC66}"
EndProject
Project("{FAE04EC0-301F-11D3-BF4B-00C04F79EFBC}") = "azizapp", "azizapp\azizapp.csproj", "{F8929DFF-8313-416B-9B66-9F1D4D2E93E6}"
EndProject
Global
	GlobalSection(SolutionConfigurationPlatforms) = preSolution
		Debug|Any CPU = Debug|Any CPU
		Debug|iPhone = Debug|iPhone
		Debug|iPhoneSimulator = Debug|iPhoneSimulator
		Release|Any CPU = Release|Any CPU
		Release|iPhone = Release|iPhone
		Release|iPhoneSimulator = Release|iPhoneSimulator
	EndGlobalSection
	GlobalSection(ProjectConfigurationPlatforms) = postSolution
		{5AC9EB56-E5F7-4B72-AC86-3A325453D350}.Debug|Any CPU.ActiveCfg = Debug|Any CPU
		{5AC9EB56-E5F7-4B72-AC86-3A325453D350}.Debug|Any CPU.Build.0 = Debug|Any CPU
		{5AC9EB56-E5F7-4B72-AC86-3A325453D350}.Debug|Any CPU.Deploy.0 = Debug|Any CPU
		{5AC9EB56-E5F7-4B72-AC86-3A325453D350}.Debug|iPhone.ActiveCfg = Debug|Any CPU
		{5AC9EB56-E5F7-4B72-AC86-3A325453D350}.Debug|iPhone.Build.0 = Debug|Any CPU
		{5AC9EB56-E5F7-4B72-AC86-3A325453D350}.Debug|iPhone.Deploy.0 = Debug|Any CPU
		{5AC9EB56-E5F7-4B72-AC86-3A325453D350}.Debug|iPhoneSimulator.ActiveCfg = Debug|Any CPU
		{5AC9EB56-E5F7-4B72-AC86-3A325453D350}.Debug|iPhoneSimulator.Build.0 = Debug|Any CPU
		{5AC9EB56-E5F7-4B72-AC86-3A325453D350}.Debug|iPhoneSimulator.Deploy.0 = Debug|Any CPU
		{5AC9EB56-E5F7-4B72-AC86-3A325453D350}.Release|Any CPU.ActiveCfg = Release|Any CPU
		{5AC9EB56-E5F7-4B72-AC86-3A325453D350}.Release|Any CPU.Build.0 = Release|Any CPU
		{5AC9EB56-E5F7-4B72-AC86-3A325453D350}.Release|Any CPU.Deploy.0 = Release|Any CPU
		{5AC9EB56-E5F7-4B72-AC86-3A325453D350}.Release|iPhone.ActiveCfg = Release|Any CPU
		{5AC9EB56-E5F7-4B72-AC86-3A325453D350}.Release|iPhone.Build.0 = Release|Any CPU
		{5AC9EB56-E5F7-4B72-AC86-3A325453D350}.Release|iPhone.Deploy.0 = Release|Any CPU
		{5AC9EB56-E5F7-4B72-AC86-3A325453D350}.Release|iPhoneSimulator.ActiveCfg = Release|Any CPU
		{5AC9EB56-E5F7-4B72-AC86-3A325453D350}.Release|iPhoneSimulator.Build.0 = Release|Any CPU
		{5AC9EB56-E5F7-4B72-AC86-3A325453D350}.Release|iPhoneSimulator.Deploy.0 = Release|Any CPU
		{AF968E1C-3CFE-4A38-B105-D20F7B92AC66}.Debug|Any CPU.ActiveCfg = Debug|iPhone
		{AF968E1C-3CFE-4A38-B105-D20F7B92AC66}.Debug|Any CPU.Build.0 = Debug|iPhone
		{AF968E1C-3CFE-4A38-B105-D20F7B92AC66}.Debug|Any CPU.Deploy.0 = Debug|iPhone
		{AF968E1C-3CFE-4A38-B105-D20F7B92AC66}.Debug|iPhone.ActiveCfg = Debug|iPhone
		{AF968E1C-3CFE-4A38-B105-D20F7B92AC66}.Debug|iPhone.Build.0 = Debug|iPhone
		{AF968E1C-3CFE-4A38-B105-D20F7B92AC66}.Debug|iPhone.Deploy.0 = Debug|iPhone
		{AF968E1C-3CFE-4A38-B105-D20F7B92AC66}.Debug|iPhoneSimulator.ActiveCfg = Debug|iPhoneSimulator
		{AF968E1C-3CFE-4A38-B105-D20F7B92AC66}.Debug|iPhoneSimulator.Build.0 = Debug|iPhoneSimulator
		{AF968E1C-3CFE-4A38-B105-D20F7B92AC66}.Debug|iPhoneSimulator.Deploy.0 = Debug|iPhoneSimulator
		{AF968E1C-3CFE-4A38-B105-D20F7B92AC66}.Release|Any CPU.ActiveCfg = Release|iPhoneSimulator
		{AF968E1C-3CFE-4A38-B105-D20F7B92AC66}.Release|Any CPU.Build.0 = Release|iPhoneSimulator
		{AF968E1C-3CFE-4A38-B105-D20F7B92AC66}.Release|Any CPU.Deploy.0 = Release|iPhoneSimulator
		{AF968E1C-3CFE-4A38-B105-D20F7B92AC66}.Release|iPhone.ActiveCfg = Release|iPhone
		{AF968E1C-3CFE-4A38-B105-D20F7B92AC66}.Release|iPhone.Build.0 = Release|iPhone
		{AF968E1C-3CFE-4A38-B105-D20F7B92AC66}.Release|iPhone.Deploy.0 = Release|iPhone
		{AF968E1C-3CFE-4A38-B105-D20F7B92AC66}.Release|iPhoneSimulator.ActiveCfg = Release|iPhoneSimulator
		{AF968E1C-3CFE-4A38-B105-D20F7B92AC66}.Release|iPhoneSimulator.Build.0 = Release|iPhoneSimulator
		{AF968E1C-3CFE-4A38-B105-D20F7B92AC66}.Release|iPhoneSimulator.Deploy.0 = Release|iPhoneSimulator
		{F8929DFF-8313-416B-9B66-9F1D4D2E93E6}.Debug|Any CPU.ActiveCfg = Debug|Any CPU
		{F8929DFF-8313-416B-9B66-9F1D4D2E93E6}.Debug|Any CPU.Build.0 = Debug|Any CPU
		{F8929DFF-8313-416B-9B66-9F1D4D2E93E6}.Debug|Any CPU.Deploy.0 = Debug|Any CPU
		{F8929DFF-8313-416B-9B66-9F1D4D2E93E6}.Debug|iPhone.ActiveCfg = Debug|Any CPU
		{F8929DFF-8313-416B-9B66-9F1D4D2E93E6}.Debug|iPhone.Build.0 = Debug|Any CPU
		{F8929DFF-8313-416B-9B66-9F1D4D2E93E6}.Debug|iPhone.Deploy.0 = Debug|Any CPU
		{F8929DFF-8313-416B-9B66-9F1D4D2E93E6}.Debug|iPhoneSimulator.ActiveCfg = Debug|Any CPU
		{F8929DFF-8313-416B-9B66-9F1D4D2E93E6}.Debug|iPhoneSimulator.Build.0 = Debug|Any CPU
		{F8929DFF-8313-416B-9B66-9F1D4D2E93E6}.Debug|iPhoneSimulator.Deploy.0 = Debug|Any CPU
		{F8929DFF-8313-416B-9B66-9F1D4D2E93E6}.Release|Any CPU.ActiveCfg = Release|Any CPU
		{F8929DFF-8313-416B-9B66-9F1D4D2E93E6}.Release|Any CPU.Build.0 = Release|Any CPU
		{F8929DFF-8313-416B-9B66-9F1D4D2E93E6}.Release|Any CPU.Deploy.0 = Release|Any CPU
		{F8929DFF-8313-416B-9B66-9F1D4D2E93E6}.Release|iPhone.ActiveCfg = Release|Any CPU
		{F8929DFF-8313-416B-9B66-9F1D4D2E93E6}.Release|iPhone.Build.0 = Release|Any CPU
		{F8929DFF-8313-416B-9B66-9F1D4D2E93E6}.Release|iPhone.Deploy.0 = Release|Any CPU
		{F8929DFF-8313-416B-9B66-9F1D4D2E93E6}.Release|iPhoneSimulator.ActiveCfg = Release|Any CPU
		{F8929DFF-8313-416B-9B66-9F1D4D2E93E6}.Release|iPhoneSimulator.Build.0 = Release|Any CPU
		{F8929DFF-8313-416B-9B66-9F1D4D2E93E6}.Release|iPhoneSimulator.Deploy.0 = Release|Any CPU
	EndGlobalSection
	GlobalSection(SolutionProperties) = preSolution
		HideSolutionNode = FALSE
	EndGlobalSection
	GlobalSection(ExtensibilityGlobals) = postSolution
		SolutionGuid = {874D2D9D-7AA4-40A2-9FB4-BE1DE3FB5A07}
	EndGlobalSection
EndGlobal
